PODS:
  - Alamofire (4.0.1)
  - Kingfisher (3.1.4)
  - SnapKit (3.0.2)

DEPENDENCIES:
  - Alamofire (~> 4.0.1)
  - Kingfisher (~> 3.1.1)
  - SnapKit (~> 3.0.2)

SPEC CHECKSUMS:
  Alamofire: 7682d43245de14874acd142ec137b144aa1dd335
  Kingfisher: 6c67e3e57f2d81a9cfdfa25052cd86f33ceac9bb
  SnapKit: 2e456761aa92d4d4067a7a5594c18769d451a8ad

PODFILE CHECKSUM: 027d5d29880534f695473885c4fb254431498d8b

COCOAPODS: 1.0.1
